
Microsoft Visual Studio Solution File, Format Version 12.00
# Visual Studio Version 16
VisualStudioVersion = 16.0.31112.23
MinimumVisualStudioVersion = 10.0.40219.1
Project("{FAE04EC0-301F-11D3-BF4B-00C04F79EFBC}") = "OpenMaqro", "OpenMaqro\OpenMaqro.csproj", "{610447A0-6DAE-405E-B360-BCB9CAB3C676}"
EndProject
Global
	GlobalSection(SolutionConfigurationPlatforms) = preSolution
		Debug|Any CPU = Debug|Any CPU
		Release|Any CPU = Release|Any CPU
	EndGlobalSection
	GlobalSection(ProjectConfigurationPlatforms) = postSolution
		{610447A0-6DAE-405E-B360-BCB9CAB3C676}.Debug|Any CPU.ActiveCfg = Debug|Any CPU
		{610447A0-6DAE-405E-B360-BCB9CAB3C676}.Debug|Any CPU.Build.0 = Debug|Any CPU
		{610447A0-6DAE-405E-B360-BCB9CAB3C676}.Release|Any CPU.ActiveCfg = Release|Any CPU
		{610447A0-6DAE-405E-B360-BCB9CAB3C676}.Release|Any CPU.Build.0 = Release|Any CPU
	EndGlobalSection
	GlobalSection(SolutionProperties) = preSolution
		HideSolutionNode = FALSE
	EndGlobalSection
	GlobalSection(ExtensibilityGlobals) = postSolution
		SolutionGuid = {59DD4DBA-BC7B-47C4-AC36-8BE219D81CC0}
	EndGlobalSection
EndGlobal
